
Microsoft Visual Studio Solution File, Format Version 12.00
# Visual Studio 2013
VisualStudioVersion = 12.0.40629.0
MinimumVisualStudioVersion = 10.0.40219.1
Project("{FAE04EC0-301F-11D3-BF4B-00C04F79EFBC}") = "Scrapping", "Scrapping\Scrapping.csproj", "{03C7E6CE-AA1D-4C38-A130-1A1AB306834C}"
EndProject
Project("{FAE04EC0-301F-11D3-BF4B-00C04F79EFBC}") = "ScrappingLogic", "ScrappingLogic\ScrappingLogic.csproj", "{B0CA7C92-E8FB-4B22-B07A-F27B5BCCFD64}"
EndProject
Global
	GlobalSection(SolutionConfigurationPlatforms) = preSolution
		Debug|Any CPU = Debug|Any CPU
		Release|Any CPU = Release|Any CPU
	EndGlobalSection
	GlobalSection(ProjectConfigurationPlatforms) = postSolution
		{03C7E6CE-AA1D-4C38-A130-1A1AB306834C}.Debug|Any CPU.ActiveCfg = Debug|Any CPU
		{03C7E6CE-AA1D-4C38-A130-1A1AB306834C}.Debug|Any CPU.Build.0 = Debug|Any CPU
		{03C7E6CE-AA1D-4C38-A130-1A1AB306834C}.Release|Any CPU.ActiveCfg = Release|Any CPU
		{03C7E6CE-AA1D-4C38-A130-1A1AB306834C}.Release|Any CPU.Build.0 = Release|Any CPU
		{B0CA7C92-E8FB-4B22-B07A-F27B5BCCFD64}.Debug|Any CPU.ActiveCfg = Debug|Any CPU
		{B0CA7C92-E8FB-4B22-B07A-F27B5BCCFD64}.Debug|Any CPU.Build.0 = Debug|Any CPU
		{B0CA7C92-E8FB-4B22-B07A-F27B5BCCFD64}.Release|Any CPU.ActiveCfg = Release|Any CPU
		{B0CA7C92-E8FB-4B22-B07A-F27B5BCCFD64}.Release|Any CPU.Build.0 = Release|Any CPU
	EndGlobalSection
	GlobalSection(SolutionProperties) = preSolution
		HideSolutionNode = FALSE
	EndGlobalSection
EndGlobal
